
Microsoft Visual Studio Solution File, Format Version 12.00
# Visual Studio Version 16
VisualStudioVersion = 16.0.31729.503
MinimumVisualStudioVersion = 10.0.40219.1
Project("{FAE04EC0-301F-11D3-BF4B-00C04F79EFBC}") = "PracticaUD6", "PracticaUD6\PracticaUD6.csproj", "{F8EE2020-2D05-4AD0-9019-2DA6A70F2FCF}"
EndProject
Global
	GlobalSection(SolutionConfigurationPlatforms) = preSolution
		Debug|Any CPU = Debug|Any CPU
		Release|Any CPU = Release|Any CPU
	EndGlobalSection
	GlobalSection(ProjectConfigurationPlatforms) = postSolution
		{F8EE2020-2D05-4AD0-9019-2DA6A70F2FCF}.Debug|Any CPU.ActiveCfg = Debug|Any CPU
		{F8EE2020-2D05-4AD0-9019-2DA6A70F2FCF}.Debug|Any CPU.Build.0 = Debug|Any CPU
		{F8EE2020-2D05-4AD0-9019-2DA6A70F2FCF}.Release|Any CPU.ActiveCfg = Release|Any CPU
		{F8EE2020-2D05-4AD0-9019-2DA6A70F2FCF}.Release|Any CPU.Build.0 = Release|Any CPU
	EndGlobalSection
	GlobalSection(SolutionProperties) = preSolution
		HideSolutionNode = FALSE
	EndGlobalSection
	GlobalSection(ExtensibilityGlobals) = postSolution
		SolutionGuid = {C2A08DE5-EB95-4E8B-9A28-7D4B5A08E4A0}
	EndGlobalSection
EndGlobal
